// !$*UTF8*$!
{
	archiveVersion = 1;
	classes = {
	};
	objectVersion = 56;
	objects = {

/* Begin PBXBuildFile section */
		03195DD7294B5C330031B0DE /* weatherApp.swift in Sources */ = {isa = PBXBuildFile; fileRef = 03195DD6294B5C330031B0DE /* weatherApp.swift */; };
		03195DD9294B5C330031B0DE /* ContentView.swift in Sources */ = {isa = PBXBuildFile; fileRef = 03195DD8294B5C330031B0DE /* ContentView.swift */; };
		03195DDB294B5C340031B0DE /* Assets.xcassets in Resources */ = {isa = PBXBuildFile; fileRef = 03195DDA294B5C340031B0DE /* Assets.xcassets */; };
		03195DDE294B5C340031B0DE /* Preview Assets.xcassets in Resources */ = {isa = PBXBuildFile; fileRef = 03195DDD294B5C340031B0DE /* Preview Assets.xcassets */; };
		03195DE8294B5C340031B0DE /* weatherTests.swift in Sources */ = {isa = PBXBuildFile; fileRef = 03195DE7294B5C340031B0DE /* weatherTests.swift */; };
		03195DF2294B5C340031B0DE /* weatherUITests.swift in Sources */ = {isa = PBXBuildFile; fileRef = 03195DF1294B5C340031B0DE /* weatherUITests.swift */; };
		03195DF4294B5C340031B0DE /* weatherUITestsLaunchTests.swift in Sources */ = {isa = PBXBuildFile; fileRef = 03195DF3294B5C340031B0DE /* weatherUITestsLaunchTests.swift */; };
		03195E0A294B62960031B0DE /* Extensions.swift in Sources */ = {isa = PBXBuildFile; fileRef = 03195E09294B62960031B0DE /* Extensions.swift */; };
		03195E0C294B62B90031B0DE /* HomeView.swift in Sources */ = {isa = PBXBuildFile; fileRef = 03195E0B294B62B90031B0DE /* HomeView.swift */; };
/* End PBXBuildFile section */

/* Begin PBXContainerItemProxy section */
		03195DE4294B5C340031B0DE /* PBXContainerItemProxy */ = {
			isa = PBXContainerItemProxy;
			containerPortal = 03195DCB294B5C330031B0DE /* Project object */;
			proxyType = 1;
			remoteGlobalIDString = 03195DD2294B5C330031B0DE;
			remoteInfo = weather;
		};
		03195DEE294B5C340031B0DE /* PBXContainerItemProxy */ = {
			isa = PBXContainerItemProxy;
			containerPortal = 03195DCB294B5C330031B0DE /* Project object */;
			proxyType = 1;
			remoteGlobalIDString = 03195DD2294B5C330031B0DE;
			remoteInfo = weather;
		};
/* End PBXContainerItemProxy section */

/* Begin PBXFileReference section */
		03195DD3294B5C330031B0DE /* weather.app */ = {isa = PBXFileReference; explicitFileType = wrapper.application; includeInIndex = 0; path = weather.app; sourceTree = BUILT_PRODUCTS_DIR; };
		03195DD6294B5C330031B0DE /* weatherApp.swift */ = {isa = PBXFileReference; lastKnownFileType = sourcecode.swift; path = weatherApp.swift; sourceTree = "<group>"; };
		03195DD8294B5C330031B0DE /* ContentView.swift */ = {isa = PBXFileReference; lastKnownFileType = sourcecode.swift; path = ContentView.swift; sourceTree = "<group>"; };
		03195DDA294B5C340031B0DE /* Assets.xcassets */ = {isa = PBXFileReference; lastKnownFileType = folder.assetcatalog; path = Assets.xcassets; sourceTree = "<group>"; };
		03195DDD294B5C340031B0DE /* Preview Assets.xcassets */ = {isa = PBXFileReference; lastKnownFileType = folder.assetcatalog; path = "Preview Assets.xcassets"; sourceTree = "<group>"; };
		03195DE3294B5C340031B0DE /* weatherTests.xctest */ = {isa = PBXFileReference; explicitFileType = wrapper.cfbundle; includeInIndex = 0; path = weatherTests.xctest; sourceTree = BUILT_PRODUCTS_DIR; };
		03195DE7294B5C340031B0DE /* weatherTests.swift */ = {isa = PBXFileReference; lastKnownFileType = sourcecode.swift; path = weatherTests.swift; sourceTree = "<group>"; };
		03195DED294B5C340031B0DE /* weatherUITests.xctest */ = {isa = PBXFileReference; explicitFileType = wrapper.cfbundle; includeInIndex = 0; path = weatherUITests.xctest; sourceTree = BUILT_PRODUCTS_DIR; };
		03195DF1294B5C340031B0DE /* weatherUITests.swift */ = {isa = PBXFileReference; lastKnownFileType = sourcecode.swift; path = weatherUITests.swift; sourceTree = "<group>"; };
		03195DF3294B5C340031B0DE /* weatherUITestsLaunchTests.swift */ = {isa = PBXFileReference; lastKnownFileType = sourcecode.swift; path = weatherUITestsLaunchTests.swift; sourceTree = "<group>"; };
		03195E09294B62960031B0DE /* Extensions.swift */ = {isa = PBXFileReference; fileEncoding = 4; lastKnownFileType = sourcecode.swift; name = Extensions.swift; path = "../../../../Downloads/SwiftUI Weather/Resources/Extensions.swift"; sourceTree = "<group>"; };
		03195E0B294B62B90031B0DE /* HomeView.swift */ = {isa = PBXFileReference; lastKnownFileType = sourcecode.swift; path = HomeView.swift; sourceTree = "<group>"; };
/* End PBXFileReference section */

/* Begin PBXFrameworksBuildPhase section */
		03195DD0294B5C330031B0DE /* Frameworks */ = {
			isa = PBXFrameworksBuildPhase;
			buildActionMask = 2147483647;
			files = (
			);
			runOnlyForDeploymentPostprocessing = 0;
		};
		03195DE0294B5C340031B0DE /* Frameworks */ = {
			isa = PBXFrameworksBuildPhase;
			buildActionMask = 2147483647;
			files = (
			);
			runOnlyForDeploymentPostprocessing = 0;
		};
		03195DEA294B5C340031B0DE /* Frameworks */ = {
			isa = PBXFrameworksBuildPhase;
			buildActionMask = 2147483647;
			files = (
			);
			runOnlyForDeploymentPostprocessing = 0;
		};
/* End PBXFrameworksBuildPhase section */

/* Begin PBXGroup section */
		03195DCA294B5C330031B0DE = {
			isa = PBXGroup;
			children = (
				03195DD5294B5C330031B0DE /* weather */,
				03195DE6294B5C340031B0DE /* weatherTests */,
				03195DF0294B5C340031B0DE /* weatherUITests */,
				03195DD4294B5C330031B0DE /* Products */,
			);
			sourceTree = "<group>";
		};
		03195DD4294B5C330031B0DE /* Products */ = {
			isa = PBXGroup;
			children = (
				03195DD3294B5C330031B0DE /* weather.app */,
				03195DE3294B5C340031B0DE /* weatherTests.xctest */,
				03195DED294B5C340031B0DE /* weatherUITests.xctest */,
			);
			name = Products;
			sourceTree = "<group>";
		};
		03195DD5294B5C330031B0DE /* weather */ = {
			isa = PBXGroup;
			children = (
				03195E02294B602E0031B0DE /* Utils */,
				03195E01294B60290031B0DE /* Models */,
				03195E00294B60220031B0DE /* Views */,
				03195DD6294B5C330031B0DE /* weatherApp.swift */,
				03195DDA294B5C340031B0DE /* Assets.xcassets */,
				03195DDC294B5C340031B0DE /* Preview Content */,
			);
			path = weather;
			sourceTree = "<group>";
		};
		03195DDC294B5C340031B0DE /* Preview Content */ = {
			isa = PBXGroup;
			children = (
				03195DDD294B5C340031B0DE /* Preview Assets.xcassets */,
			);
			path = "Preview Content";
			sourceTree = "<group>";
		};
		03195DE6294B5C340031B0DE /* weatherTests */ = {
			isa = PBXGroup;
			children = (
				03195DE7294B5C340031B0DE /* weatherTests.swift */,
			);
			path = weatherTests;
			sourceTree = "<group>";
		};
		03195DF0294B5C340031B0DE /* weatherUITests */ = {
			isa = PBXGroup;
			children = (
				03195DF1294B5C340031B0DE /* weatherUITests.swift */,
				03195DF3294B5C340031B0DE /* weatherUITestsLaunchTests.swift */,
			);
			path = weatherUITests;
			sourceTree = "<group>";
		};
		03195E00294B60220031B0DE /* Views */ = {
			isa = PBXGroup;
			children = (
				03195E06294B60630031B0DE /* Main */,
				03195E05294B60460031B0DE /* Components */,
				03195E04294B60400031B0DE /* Detail */,
				03195E03294B60350031B0DE /* Navigation */,
			);
			path = Views;
			sourceTree = "<group>";
		};
		03195E01294B60290031B0DE /* Models */ = {
			isa = PBXGroup;
			children = (
			);
			path = Models;
			sourceTree = "<group>";
		};
		03195E02294B602E0031B0DE /* Utils */ = {
			isa = PBXGroup;
			children = (
				03195E09294B62960031B0DE /* Extensions.swift */,
			);
			path = Utils;
			sourceTree = "<group>";
		};
		03195E03294B60350031B0DE /* Navigation */ = {
			isa = PBXGroup;
			children = (
			);
			path = Navigation;
			sourceTree = "<group>";
		};
		03195E04294B60400031B0DE /* Detail */ = {
			isa = PBXGroup;
			children = (
			);
			path = Detail;
			sourceTree = "<group>";
		};
		03195E05294B60460031B0DE /* Components */ = {
			isa = PBXGroup;
			children = (
			);
			path = Components;
			sourceTree = "<group>";
		};
		03195E06294B60630031B0DE /* Main */ = {
			isa = PBXGroup;
			children = (
				03195DD8294B5C330031B0DE /* ContentView.swift */,
				03195E0B294B62B90031B0DE /* HomeView.swift */,
			);
			path = Main;
			sourceTree = "<group>";
		};
/* End PBXGroup section */

/* Begin PBXNativeTarget section */
		03195DD2294B5C330031B0DE /* weather */ = {
			isa = PBXNativeTarget;
			buildConfigurationList = 03195DF7294B5C340031B0DE /* Build configuration list for PBXNativeTarget "weather" */;
			buildPhases = (
				03195DCF294B5C330031B0DE /* Sources */,
				03195DD0294B5C330031B0DE /* Frameworks */,
				03195DD1294B5C330031B0DE /* Resources */,
			);
			buildRules = (
			);
			dependencies = (
			);
			name = weather;
			productName = weather;
			productReference = 03195DD3294B5C330031B0DE /* weather.app */;
			productType = "com.apple.product-type.application";
		};
		03195DE2294B5C340031B0DE /* weatherTests */ = {
			isa = PBXNativeTarget;
			buildConfigurationList = 03195DFA294B5C340031B0DE /* Build configuration list for PBXNativeTarget "weatherTests" */;
			buildPhases = (
				03195DDF294B5C340031B0DE /* Sources */,
				03195DE0294B5C340031B0DE /* Frameworks */,
				03195DE1294B5C340031B0DE /* Resources */,
			);
			buildRules = (
			);
			dependencies = (
				03195DE5294B5C340031B0DE /* PBXTargetDependency */,
			);
			name = weatherTests;
			productName = weatherTests;
			productReference = 03195DE3294B5C340031B0DE /* weatherTests.xctest */;
			productType = "com.apple.product-type.bundle.unit-test";
		};
		03195DEC294B5C340031B0DE /* weatherUITests */ = {
			isa = PBXNativeTarget;
			buildConfigurationList = 03195DFD294B5C340031B0DE /* Build configuration list for PBXNativeTarget "weatherUITests" */;
			buildPhases = (
				03195DE9294B5C340031B0DE /* Sources */,
				03195DEA294B5C340031B0DE /* Frameworks */,
				03195DEB294B5C340031B0DE /* Resources */,
			);
			buildRules = (
			);
			dependencies = (
				03195DEF294B5C340031B0DE /* PBXTargetDependency */,
			);
			name = weatherUITests;
			productName = weatherUITests;
			productReference = 03195DED294B5C340031B0DE /* weatherUITests.xctest */;
			productType = "com.apple.product-type.bundle.ui-testing";
		};
/* End PBXNativeTarget section */

/* Begin PBXProject section */
		03195DCB294B5C330031B0DE /* Project object */ = {
			isa = PBXProject;
			attributes = {
				BuildIndependentTargetsInParallel = 1;
				LastSwiftUpdateCheck = 1410;
				LastUpgradeCheck = 1410;
				TargetAttributes = {
					03195DD2294B5C330031B0DE = {
						CreatedOnToolsVersion = 14.1;
					};
					03195DE2294B5C340031B0DE = {
						CreatedOnToolsVersion = 14.1;
						TestTargetID = 03195DD2294B5C330031B0DE;
					};
					03195DEC294B5C340031B0DE = {
						CreatedOnToolsVersion = 14.1;
						TestTargetID = 03195DD2294B5C330031B0DE;
					};
				};
			};
			buildConfigurationList = 03195DCE294B5C330031B0DE /* Build configuration list for PBXProject "weather" */;
			compatibilityVersion = "Xcode 14.0";
			developmentRegion = en;
			hasScannedForEncodings = 0;
			knownRegions = (
				en,
				Base,
			);
			mainGroup = 03195DCA294B5C330031B0DE;
			productRefGroup = 03195DD4294B5C330031B0DE /* Products */;
			projectDirPath = "";
			projectRoot = "";
			targets = (
				03195DD2294B5C330031B0DE /* weather */,
				03195DE2294B5C340031B0DE /* weatherTests */,
				03195DEC294B5C340031B0DE /* weatherUITests */,
			);
		};
/* End PBXProject section */

/* Begin PBXResourcesBuildPhase section */
		03195DD1294B5C330031B0DE /* Resources */ = {
			isa = PBXResourcesBuildPhase;
			buildActionMask = 2147483647;
			files = (
				03195DDE294B5C340031B0DE /* Preview Assets.xcassets in Resources */,
				03195DDB294B5C340031B0DE /* Assets.xcassets in Resources */,
			);
			runOnlyForDeploymentPostprocessing = 0;
		};
		03195DE1294B5C340031B0DE /* Resources */ = {
			isa = PBXResourcesBuildPhase;
			buildActionMask = 2147483647;
			files = (
			);
			runOnlyForDeploymentPostprocessing = 0;
		};
		03195DEB294B5C340031B0DE /* Resources */ = {
			isa = PBXResourcesBuildPhase;
			buildActionMask = 2147483647;
			files = (
			);
			runOnlyForDeploymentPostprocessing = 0;
		};
/* End PBXResourcesBuildPhase section */

/* Begin PBXSourcesBuildPhase section */
		03195DCF294B5C330031B0DE /* Sources */ = {
			isa = PBXSourcesBuildPhase;
			buildActionMask = 2147483647;
			files = (
				03195DD9294B5C330031B0DE /* ContentView.swift in Sources */,
				03195E0C294B62B90031B0DE /* HomeView.swift in Sources */,
				03195DD7294B5C330031B0DE /* weatherApp.swift in Sources */,
				03195E0A294B62960031B0DE /* Extensions.swift in Sources */,
			);
			runOnlyForDeploymentPostprocessing = 0;
		};
		03195DDF294B5C340031B0DE /* Sources */ = {
			isa = PBXSourcesBuildPhase;
			buildActionMask = 2147483647;
			files = (
				03195DE8294B5C340031B0DE /* weatherTests.swift in Sources */,
			);
			runOnlyForDeploymentPostprocessing = 0;
		};
		03195DE9294B5C340031B0DE /* Sources */ = {
			isa = PBXSourcesBuildPhase;
			buildActionMask = 2147483647;
			files = (
				03195DF2294B5C340031B0DE /* weatherUITests.swift in Sources */,
				03195DF4294B5C340031B0DE /* weatherUITestsLaunchTests.swift in Sources */,
			);
			runOnlyForDeploymentPostprocessing = 0;
		};
/* End PBXSourcesBuildPhase section */

/* Begin PBXTargetDependency section */
		03195DE5294B5C340031B0DE /* PBXTargetDependency */ = {
			isa = PBXTargetDependency;
			target = 03195DD2294B5C330031B0DE /* weather */;
			targetProxy = 03195DE4294B5C340031B0DE /* PBXContainerItemProxy */;
		};
		03195DEF294B5C340031B0DE /* PBXTargetDependency */ = {
			isa = PBXTargetDependency;
			target = 03195DD2294B5C330031B0DE /* weather */;
			targetProxy = 03195DEE294B5C340031B0DE /* PBXContainerItemProxy */;
		};
/* End PBXTargetDependency section */

/* Begin XCBuildConfiguration section */
		03195DF5294B5C340031B0DE /* Debug */ = {
			isa = XCBuildConfiguration;
			buildSettings = {
				ALWAYS_SEARCH_USER_PATHS = NO;
				CLANG_ANALYZER_NONNULL = YES;
				CLANG_ANALYZER_NUMBER_OBJECT_CONVERSION = YES_AGGRESSIVE;
				CLANG_CXX_LANGUAGE_STANDARD = "gnu++20";
				CLANG_ENABLE_MODULES = YES;
				CLANG_ENABLE_OBJC_ARC = YES;
				CLANG_ENABLE_OBJC_WEAK = YES;
				CLANG_WARN_BLOCK_CAPTURE_AUTORELEASING = YES;
				CLANG_WARN_BOOL_CONVERSION = YES;
				CLANG_WARN_COMMA = YES;
				CLANG_WARN_CONSTANT_CONVERSION = YES;
				CLANG_WARN_DEPRECATED_OBJC_IMPLEMENTATIONS = YES;
				CLANG_WARN_DIRECT_OBJC_ISA_USAGE = YES_ERROR;
				CLANG_WARN_DOCUMENTATION_COMMENTS = YES;
				CLANG_WARN_EMPTY_BODY = YES;
				CLANG_WARN_ENUM_CONVERSION = YES;
				CLANG_WARN_INFINITE_RECURSION = YES;
				CLANG_WARN_INT_CONVERSION = YES;
				CLANG_WARN_NON_LITERAL_NULL_CONVERSION = YES;
				CLANG_WARN_OBJC_IMPLICIT_RETAIN_SELF = YES;
				CLANG_WARN_OBJC_LITERAL_CONVERSION = YES;
				CLANG_WARN_OBJC_ROOT_CLASS = YES_ERROR;
				CLANG_WARN_QUOTED_INCLUDE_IN_FRAMEWORK_HEADER = YES;
				CLANG_WARN_RANGE_LOOP_ANALYSIS = YES;
				CLANG_WARN_STRICT_PROTOTYPES = YES;
				CLANG_WARN_SUSPICIOUS_MOVE = YES;
				CLANG_WARN_UNGUARDED_AVAILABILITY = YES_AGGRESSIVE;
				CLANG_WARN_UNREACHABLE_CODE = YES;
				CLANG_WARN__DUPLICATE_METHOD_MATCH = YES;
				COPY_PHASE_STRIP = NO;
				DEBUG_INFORMATION_FORMAT = dwarf;
				ENABLE_STRICT_OBJC_MSGSEND = YES;
				ENABLE_TESTABILITY = YES;
				GCC_C_LANGUAGE_STANDARD = gnu11;
				GCC_DYNAMIC_NO_PIC = NO;
				GCC_NO_COMMON_BLOCKS = YES;
				GCC_OPTIMIZATION_LEVEL = 0;
				GCC_PREPROCESSOR_DEFINITIONS = (
					"DEBUG=1",
					"$(inherited)",
				);
				GCC_WARN_64_TO_32_BIT_CONVERSION = YES;
				GCC_WARN_ABOUT_RETURN_TYPE = YES_ERROR;
				GCC_WARN_UNDECLARED_SELECTOR = YES;
				GCC_WARN_UNINITIALIZED_AUTOS = YES_AGGRESSIVE;
				GCC_WARN_UNUSED_FUNCTION = YES;
				GCC_WARN_UNUSED_VARIABLE = YES;
				IPHONEOS_DEPLOYMENT_TARGET = 16.1;
				MTL_ENABLE_DEBUG_INFO = INCLUDE_SOURCE;
				MTL_FAST_MATH = YES;
				ONLY_ACTIVE_ARCH = YES;
				SDKROOT = iphoneos;
				SWIFT_ACTIVE_COMPILATION_CONDITIONS = DEBUG;
				SWIFT_OPTIMIZATION_LEVEL = "-Onone";
			};
			name = Debug;
		};
		03195DF6294B5C340031B0DE /* Release */ = {
			isa = XCBuildConfiguration;
			buildSettings = {
				ALWAYS_SEARCH_USER_PATHS = NO;
				CLANG_ANALYZER_NONNULL = YES;
				CLANG_ANALYZER_NUMBER_OBJECT_CONVERSION = YES_AGGRESSIVE;
				CLANG_CXX_LANGUAGE_STANDARD = "gnu++20";
				CLANG_ENABLE_MODULES = YES;
				CLANG_ENABLE_OBJC_ARC = YES;
				CLANG_ENABLE_OBJC_WEAK = YES;
				CLANG_WARN_BLOCK_CAPTURE_AUTORELEASING = YES;
				CLANG_WARN_BOOL_CONVERSION = YES;
				CLANG_WARN_COMMA = YES;
				CLANG_WARN_CONSTANT_CONVERSION = YES;
				CLANG_WARN_DEPRECATED_OBJC_IMPLEMENTATIONS = YES;
				CLANG_WARN_DIRECT_OBJC_ISA_USAGE = YES_ERROR;
				CLANG_WARN_DOCUMENTATION_COMMENTS = YES;
				CLANG_WARN_EMPTY_BODY = YES;
				CLANG_WARN_ENUM_CONVERSION = YES;
				CLANG_WARN_INFINITE_RECURSION = YES;
				CLANG_WARN_INT_CONVERSION = YES;
				CLANG_WARN_NON_LITERAL_NULL_CONVERSION = YES;
				CLANG_WARN_OBJC_IMPLICIT_RETAIN_SELF = YES;
				CLANG_WARN_OBJC_LITERAL_CONVERSION = YES;
				CLANG_WARN_OBJC_ROOT_CLASS = YES_ERROR;
				CLANG_WARN_QUOTED_INCLUDE_IN_FRAMEWORK_HEADER = YES;
				CLANG_WARN_RANGE_LOOP_ANALYSIS = YES;
				CLANG_WARN_STRICT_PROTOTYPES = YES;
				CLANG_WARN_SUSPICIOUS_MOVE = YES;
				CLANG_WARN_UNGUARDED_AVAILABILITY = YES_AGGRESSIVE;
				CLANG_WARN_UNREACHABLE_CODE = YES;
				CLANG_WARN__DUPLICATE_METHOD_MATCH = YES;
				COPY_PHASE_STRIP = NO;
				DEBUG_INFORMATION_FORMAT = "dwarf-with-dsym";
				ENABLE_NS_ASSERTIONS = NO;
				ENABLE_STRICT_OBJC_MSGSEND = YES;
				GCC_C_LANGUAGE_STANDARD = gnu11;
				GCC_NO_COMMON_BLOCKS = YES;
				GCC_WARN_64_TO_32_BIT_CONVERSION = YES;
				GCC_WARN_ABOUT_RETURN_TYPE = YES_ERROR;
				GCC_WARN_UNDECLARED_SELECTOR = YES;
				GCC_WARN_UNINITIALIZED_AUTOS = YES_AGGRESSIVE;
				GCC_WARN_UNUSED_FUNCTION = YES;
				GCC_WARN_UNUSED_VARIABLE = YES;
				IPHONEOS_DEPLOYMENT_TARGET = 16.1;
				MTL_ENABLE_DEBUG_INFO = NO;
				MTL_FAST_MATH = YES;
				SDKROOT = iphoneos;
				SWIFT_COMPILATION_MODE = wholemodule;
				SWIFT_OPTIMIZATION_LEVEL = "-O";
				VALIDATE_PRODUCT = YES;
			};
			name = Release;
		};
		03195DF8294B5C340031B0DE /* Debug */ = {
			isa = XCBuildConfiguration;
			buildSettings = {
				ASSETCATALOG_COMPILER_APPICON_NAME = AppIcon;
				ASSETCATALOG_COMPILER_GLOBAL_ACCENT_COLOR_NAME = AccentColor;
				CODE_SIGN_STYLE = Automatic;
				CURRENT_PROJECT_VERSION = 1;
				DEVELOPMENT_ASSET_PATHS = "\"weather/Preview Content\"";
				DEVELOPMENT_TEAM = 6PHC734299;
				ENABLE_PREVIEWS = YES;
				GENERATE_INFOPLIST_FILE = YES;
				INFOPLIST_KEY_UIApplicationSceneManifest_Generation = YES;
				INFOPLIST_KEY_UIApplicationSupportsIndirectInputEvents = YES;
				INFOPLIST_KEY_UILaunchScreen_Generation = YES;
				INFOPLIST_KEY_UISupportedInterfaceOrientations_iPad = "UIInterfaceOrientationPortrait UIInterfaceOrientationPortraitUpsideDown UIInterfaceOrientationLandscapeLeft UIInterfaceOrientationLandscapeRight";
				INFOPLIST_KEY_UISupportedInterfaceOrientations_iPhone = "UIInterfaceOrientationPortrait UIInterfaceOrientationLandscapeLeft UIInterfaceOrientationLandscapeRight";
				LD_RUNPATH_SEARCH_PATHS = (
					"$(inherited)",
					"@executable_path/Frameworks",
				);
				MARKETING_VERSION = 1.0;
				PRODUCT_BUNDLE_IDENTIFIER = com.hugobranco.weather;
				PRODUCT_NAME = "$(TARGET_NAME)";
				SWIFT_EMIT_LOC_STRINGS = YES;
				SWIFT_VERSION = 5.0;
				TARGETED_DEVICE_FAMILY = "1,2";
			};
			name = Debug;
		};
		03195DF9294B5C340031B0DE /* Release */ = {
			isa = XCBuildConfiguration;
			buildSettings = {
				ASSETCATALOG_COMPILER_APPICON_NAME = AppIcon;
				ASSETCATALOG_COMPILER_GLOBAL_ACCENT_COLOR_NAME = AccentColor;
				CODE_SIGN_STYLE = Automatic;
				CURRENT_PROJECT_VERSION = 1;
				DEVELOPMENT_ASSET_PATHS = "\"weather/Preview Content\"";
				DEVELOPMENT_TEAM = 6PHC734299;
				ENABLE_PREVIEWS = YES;
				GENERATE_INFOPLIST_FILE = YES;
				INFOPLIST_KEY_UIApplicationSceneManifest_Generation = YES;
				INFOPLIST_KEY_UIApplicationSupportsIndirectInputEvents = YES;
				INFOPLIST_KEY_UILaunchScreen_Generation = YES;
				INFOPLIST_KEY_UISupportedInterfaceOrientations_iPad = "UIInterfaceOrientationPortrait UIInterfaceOrientationPortraitUpsideDown UIInterfaceOrientationLandscapeLeft UIInterfaceOrientationLandscapeRight";
				INFOPLIST_KEY_UISupportedInterfaceOrientations_iPhone = "UIInterfaceOrientationPortrait UIInterfaceOrientationLandscapeLeft UIInterfaceOrientationLandscapeRight";
				LD_RUNPATH_SEARCH_PATHS = (
					"$(inherited)",
					"@executable_path/Frameworks",
				);
				MARKETING_VERSION = 1.0;
				PRODUCT_BUNDLE_IDENTIFIER = com.hugobranco.weather;
				PRODUCT_NAME = "$(TARGET_NAME)";
				SWIFT_EMIT_LOC_STRINGS = YES;
				SWIFT_VERSION = 5.0;
				TARGETED_DEVICE_FAMILY = "1,2";
			};
			name = Release;
		};
		03195DFB294B5C340031B0DE /* Debug */ = {
			isa = XCBuildConfiguration;
			buildSettings = {
				ALWAYS_EMBED_SWIFT_STANDARD_LIBRARIES = YES;
				BUNDLE_LOADER = "$(TEST_HOST)";
				CODE_SIGN_STYLE = Automatic;
				CURRENT_PROJECT_VERSION = 1;
				DEVELOPMENT_TEAM = 6PHC734299;
				GENERATE_INFOPLIST_FILE = YES;
				IPHONEOS_DEPLOYMENT_TARGET = 16.1;
				MARKETING_VERSION = 1.0;
				PRODUCT_BUNDLE_IDENTIFIER = com.hugobranco.weatherTests;
				PRODUCT_NAME = "$(TARGET_NAME)";
				SWIFT_EMIT_LOC_STRINGS = NO;
				SWIFT_VERSION = 5.0;
				TARGETED_DEVICE_FAMILY = "1,2";
				TEST_HOST = "$(BUILT_PRODUCTS_DIR)/weather.app/$(BUNDLE_EXECUTABLE_FOLDER_PATH)/weather";
			};
			name = Debug;
		};
		03195DFC294B5C340031B0DE /* Release */ = {
			isa = XCBuildConfiguration;
			buildSettings = {
				ALWAYS_EMBED_SWIFT_STANDARD_LIBRARIES = YES;
				BUNDLE_LOADER = "$(TEST_HOST)";
				CODE_SIGN_STYLE = Automatic;
				CURRENT_PROJECT_VERSION = 1;
				DEVELOPMENT_TEAM = 6PHC734299;
				GENERATE_INFOPLIST_FILE = YES;
				IPHONEOS_DEPLOYMENT_TARGET = 16.1;
				MARKETING_VERSION = 1.0;
				PRODUCT_BUNDLE_IDENTIFIER = com.hugobranco.weatherTests;
				PRODUCT_NAME = "$(TARGET_NAME)";
				SWIFT_EMIT_LOC_STRINGS = NO;
				SWIFT_VERSION = 5.0;
				TARGETED_DEVICE_FAMILY = "1,2";
				TEST_HOST = "$(BUILT_PRODUCTS_DIR)/weather.app/$(BUNDLE_EXECUTABLE_FOLDER_PATH)/weather";
			};
			name = Release;
		};
		03195DFE294B5C340031B0DE /* Debug */ = {
			isa = XCBuildConfiguration;
			buildSettings = {
				ALWAYS_EMBED_SWIFT_STANDARD_LIBRARIES = YES;
				CODE_SIGN_STYLE = Automatic;
				CURRENT_PROJECT_VERSION = 1;
				DEVELOPMENT_TEAM = 6PHC734299;
				GENERATE_INFOPLIST_FILE = YES;
				MARKETING_VERSION = 1.0;
				PRODUCT_BUNDLE_IDENTIFIER = com.hugobranco.weatherUITests;
				PRODUCT_NAME = "$(TARGET_NAME)";
				SWIFT_EMIT_LOC_STRINGS = NO;
				SWIFT_VERSION = 5.0;
				TARGETED_DEVICE_FAMILY = "1,2";
				TEST_TARGET_NAME = weather;
			};
			name = Debug;
		};
		03195DFF294B5C340031B0DE /* Release */ = {
			isa = XCBuildConfiguration;
			buildSettings = {
				ALWAYS_EMBED_SWIFT_STANDARD_LIBRARIES = YES;
				CODE_SIGN_STYLE = Automatic;
				CURRENT_PROJECT_VERSION = 1;
				DEVELOPMENT_TEAM = 6PHC734299;
				GENERATE_INFOPLIST_FILE = YES;
				MARKETING_VERSION = 1.0;
				PRODUCT_BUNDLE_IDENTIFIER = com.hugobranco.weatherUITests;
				PRODUCT_NAME = "$(TARGET_NAME)";
				SWIFT_EMIT_LOC_STRINGS = NO;
				SWIFT_VERSION = 5.0;
				TARGETED_DEVICE_FAMILY = "1,2";
				TEST_TARGET_NAME = weather;
			};
			name = Release;
		};
/* End XCBuildConfiguration section */

/* Begin XCConfigurationList section */
		03195DCE294B5C330031B0DE /* Build configuration list for PBXProject "weather" */ = {
			isa = XCConfigurationList;
			buildConfigurations = (
				03195DF5294B5C340031B0DE /* Debug */,
				03195DF6294B5C340031B0DE /* Release */,
			);
			defaultConfigurationIsVisible = 0;
			defaultConfigurationName = Release;
		};
		03195DF7294B5C340031B0DE /* Build configuration list for PBXNativeTarget "weather" */ = {
			isa = XCConfigurationList;
			buildConfigurations = (
				03195DF8294B5C340031B0DE /* Debug */,
				03195DF9294B5C340031B0DE /* Release */,
			);
			defaultConfigurationIsVisible = 0;
			defaultConfigurationName = Release;
		};
		03195DFA294B5C340031B0DE /* Build configuration list for PBXNativeTarget "weatherTests" */ = {
			isa = XCConfigurationList;
			buildConfigurations = (
				03195DFB294B5C340031B0DE /* Debug */,
				03195DFC294B5C340031B0DE /* Release */,
			);
			defaultConfigurationIsVisible = 0;
			defaultConfigurationName = Release;
		};
		03195DFD294B5C340031B0DE /* Build configuration list for PBXNativeTarget "weatherUITests" */ = {
			isa = XCConfigurationList;
			buildConfigurations = (
				03195DFE294B5C340031B0DE /* Debug */,
				03195DFF294B5C340031B0DE /* Release */,
			);
			defaultConfigurationIsVisible = 0;
			defaultConfigurationName = Release;
		};
/* End XCConfigurationList section */
	};
	rootObject = 03195DCB294B5C330031B0DE /* Project object */;
}
